
Microsoft Visual Studio Solution File, Format Version 12.00
# Visual Studio Version 17
VisualStudioVersion = 17.2.32519.379
MinimumVisualStudioVersion = 10.0.40219.1
Project("{FAE04EC0-301F-11D3-BF4B-00C04F79EFBC}") = "PDFReaderWPF", "PDFReaderWPF.csproj", "{108BA049-8308-4ED7-A80F-259A076EE8A6}"
EndProject
Global
	GlobalSection(SolutionConfigurationPlatforms) = preSolution
		Debug|Any CPU = Debug|Any CPU
		Release|Any CPU = Release|Any CPU
	EndGlobalSection
	GlobalSection(ProjectConfigurationPlatforms) = postSolution
		{108BA049-8308-4ED7-A80F-259A076EE8A6}.Debug|Any CPU.ActiveCfg = Debug|Any CPU
		{108BA049-8308-4ED7-A80F-259A076EE8A6}.Debug|Any CPU.Build.0 = Debug|Any CPU
		{108BA049-8308-4ED7-A80F-259A076EE8A6}.Release|Any CPU.ActiveCfg = Release|Any CPU
		{108BA049-8308-4ED7-A80F-259A076EE8A6}.Release|Any CPU.Build.0 = Release|Any CPU
	EndGlobalSection
	GlobalSection(SolutionProperties) = preSolution
		HideSolutionNode = FALSE
	EndGlobalSection
	GlobalSection(ExtensibilityGlobals) = postSolution
		SolutionGuid = {43C704D5-7470-4C81-A982-399E32A1CB84}
	EndGlobalSection
EndGlobal
